# Generated by scripts/generate_python_runtime_lock.py; do not edit by hand.
# target: CPython 3.13 / cp313 / win_amd64
# Every direct and transitive wheel is exact and SHA-256 pinned.
brotli==1.2.0 --hash=sha256:b63daa43d82f0cdabf98dee215b375b4058cce72871fd07934f179885aad16e8
cached-property==2.0.1 --hash=sha256:f617d70ab1100b7bcf6e42228f9ddcb78c676ffa167278d9f730d1c2fba69ccb
certifi==2026.6.17 --hash=sha256:2227dcbaafe0d2f59279d1762ddddc37783ed4354594f194ffc31d20f41fc3db
cffi==2.1.0 --hash=sha256:8e74a6135550c4748af665b1b1118b6aab33b1fc6a16f9aff630af107c3b4512
charset-normalizer==3.4.9 --hash=sha256:fe2c7201c642b7c308f1675355ad7ff7b66acfe3541625efe5a3ad38f29d6115
chevron==0.14.0 --hash=sha256:fbf996a709f8da2e745ef763f482ce2d311aa817d287593a5b990d6d6e4f0443
cryptography==49.0.0 --hash=sha256:e5dfc1e64de5677cec922ffa8da89c546d0415bf6efdf081842e5d44c84e1f0e
curl_cffi==0.15.0 --hash=sha256:5a0c1896a0d5a5ac1eb89cd24b008d2b718dd1df6fd2f75451b59ca66e49e572
frozendict==2.4.7 --hash=sha256:972af65924ea25cf5b4d9326d549e69a9a4918d8a76a9d3a7cd174d98b237550
genanki==0.13.1 --hash=sha256:65b59434008588a1213b940474d1aca8cca83243af6fc0e26200b560efe4d9e3
idna==3.18 --hash=sha256:7f952cbe720b688055e3f87de14f5c3e5fdaa8bc3928985c4077ca689de849a2
markdown-it-py==4.2.0 --hash=sha256:9f7ebbcd14fe59494226453aed97c1070d83f8d24b6fc3a3bcf9a38092641c4a
mdurl==0.1.2 --hash=sha256:84008a41e51615a49fc9966191ff91509e3c40b939176e643fd50a5c2196b8f8
mutagen==1.48.1 --hash=sha256:4f077fe87d3fc7fba259aa63d8c026b18382ca6a42ef37c61e16f1b1b5b82fe7
pycparser==3.0 --hash=sha256:b727414169a36b7d524c1c3e31839a521725078d7b2ff038656844266160a992
pycryptodomex==3.23.0 --hash=sha256:52e5ca58c3a0b0bd5e100a9fbc8015059b05cffc6c66ce9d98b4b45e023443b9
Pygments==2.20.0 --hash=sha256:81a9e26dd42fd28a23a2d169d86d7ac03b46e2f8b59ed4698fb4785f946d0176
pypdf==6.14.2 --hash=sha256:3f07891af76dc002657e04993ab9b4de81de29f9013b9761d0b7968bff12e946
PyYAML==6.0.3 --hash=sha256:79005a0d97d5ddabfeeea4cf676af11e647e41d81c9a7722a193022accdb6b7c
requests==2.34.2 --hash=sha256:2a0d60c172f83ac6ab31e4554906c0f3b3588d37b5cb939b1c061f4907e278e0
rich==15.0.0 --hash=sha256:33bd4ef74232fb73fe9279a257718407f169c09b78a87ad3d296f548e27de0bb
urllib3==2.7.0 --hash=sha256:9fb4c81ebbb1ce9531cce37674bbc6f1360472bc18ca9a553ede278ef7276897
websockets==16.1.1 --hash=sha256:d9531d9cbeac99af6f038fb1bc351403531f7d634a2c2e10e2f7c854c6ed5b68
yt-dlp[curl-cffi,default]==2026.7.4 --hash=sha256:f11f2b11d5a8ac4059f9bdf29fa4407dc7c6bb00c5097e95ca22a7a9db518266
yt-dlp-ejs==0.8.0 --hash=sha256:79300e5fca7f937a1eeede11f0456862c1b41107ce1d726871e0207424f4bdb4
